
Microsoft Visual Studio Solution File, Format Version 12.00
# Visual Studio Version 17
VisualStudioVersion = 17.3.32901.215
MinimumVisualStudioVersion = 10.0.40219.1
Project("{FAE04EC0-301F-11D3-BF4B-00C04F79EFBC}") = "stack", "stack\stack.csproj", "{2C0B23B7-6CA4-46EB-B7F5-7FFB0FAEEC7D}"
EndProject
Global
	GlobalSection(SolutionConfigurationPlatforms) = preSolution
		Debug|Any CPU = Debug|Any CPU
		Release|Any CPU = Release|Any CPU
	EndGlobalSection
	GlobalSection(ProjectConfigurationPlatforms) = postSolution
		{2C0B23B7-6CA4-46EB-B7F5-7FFB0FAEEC7D}.Debug|Any CPU.ActiveCfg = Debug|Any CPU
		{2C0B23B7-6CA4-46EB-B7F5-7FFB0FAEEC7D}.Debug|Any CPU.Build.0 = Debug|Any CPU
		{2C0B23B7-6CA4-46EB-B7F5-7FFB0FAEEC7D}.Release|Any CPU.ActiveCfg = Release|Any CPU
		{2C0B23B7-6CA4-46EB-B7F5-7FFB0FAEEC7D}.Release|Any CPU.Build.0 = Release|Any CPU
	EndGlobalSection
	GlobalSection(SolutionProperties) = preSolution
		HideSolutionNode = FALSE
	EndGlobalSection
	GlobalSection(ExtensibilityGlobals) = postSolution
		SolutionGuid = {4B241ED7-C7DC-4BA0-8045-DC0FD437BE69}
	EndGlobalSection
EndGlobal
